// !$*UTF8*$!
{
	archiveVersion = 1;
	classes = {
	};
	objectVersion = 50;
	objects = {

/* Begin PBXBuildFile section */
		3E0A9E45210643B900BE2EC4 /* AppDelegate.swift in Sources */ = {isa = PBXBuildFile; fileRef = 3E0A9E44210643B900BE2EC4 /* AppDelegate.swift */; };
		3E0A9E4A210643B900BE2EC4 /* Main.storyboard in Resources */ = {isa = PBXBuildFile; fileRef = 3E0A9E48210643B900BE2EC4 /* Main.storyboard */; };
		3E0A9E4C210643BB00BE2EC4 /* Assets.xcassets in Resources */ = {isa = PBXBuildFile; fileRef = 3E0A9E4B210643BB00BE2EC4 /* Assets.xcassets */; };
		3E0A9E4F210643BB00BE2EC4 /* LaunchScreen.storyboard in Resources */ = {isa = PBXBuildFile; fileRef = 3E0A9E4D210643BB00BE2EC4 /* LaunchScreen.storyboard */; };
		3E0A9E5A210643BB00BE2EC4 /* conceptTests.swift in Sources */ = {isa = PBXBuildFile; fileRef = 3E0A9E59210643BB00BE2EC4 /* conceptTests.swift */; };
		3E0A9E65210643BB00BE2EC4 /* conceptUITests.swift in Sources */ = {isa = PBXBuildFile; fileRef = 3E0A9E64210643BB00BE2EC4 /* conceptUITests.swift */; };
		3E0A9F182106486800BE2EC4 /* AppDelegate+Setup.swift in Sources */ = {isa = PBXBuildFile; fileRef = 3E0A9EDE2106486800BE2EC4 /* AppDelegate+Setup.swift */; };
		3E0A9F192106486800BE2EC4 /* CarModel.swift in Sources */ = {isa = PBXBuildFile; fileRef = 3E0A9EE02106486800BE2EC4 /* CarModel.swift */; };
		3E0A9F1A2106486800BE2EC4 /* DictionaryModel.swift in Sources */ = {isa = PBXBuildFile; fileRef = 3E0A9EE12106486800BE2EC4 /* DictionaryModel.swift */; };
		3E0A9F1B2106486800BE2EC4 /* ApiInfo.swift in Sources */ = {isa = PBXBuildFile; fileRef = 3E0A9EE22106486800BE2EC4 /* ApiInfo.swift */; };
		3E0A9F1C2106486800BE2EC4 /* CarManufacture.swift in Sources */ = {isa = PBXBuildFile; fileRef = 3E0A9EE32106486800BE2EC4 /* CarManufacture.swift */; };
		3E0A9F1D2106486800BE2EC4 /* PageInfo.swift in Sources */ = {isa = PBXBuildFile; fileRef = 3E0A9EE42106486800BE2EC4 /* PageInfo.swift */; };
		3E0A9F1E2106486800BE2EC4 /* CarsModelTableViewCell.xib in Resources */ = {isa = PBXBuildFile; fileRef = 3E0A9EE72106486800BE2EC4 /* CarsModelTableViewCell.xib */; };
		3E0A9F1F2106486800BE2EC4 /* CarModelCellViewModel.swift in Sources */ = {isa = PBXBuildFile; fileRef = 3E0A9EE82106486800BE2EC4 /* CarModelCellViewModel.swift */; };
		3E0A9F202106486800BE2EC4 /* CarsModelTableViewCell.swift in Sources */ = {isa = PBXBuildFile; fileRef = 3E0A9EE92106486800BE2EC4 /* CarsModelTableViewCell.swift */; };
		3E0A9F212106486800BE2EC4 /* CarsModelViewController.swift in Sources */ = {isa = PBXBuildFile; fileRef = 3E0A9EEA2106486800BE2EC4 /* CarsModelViewController.swift */; };
		3E0A9F222106486800BE2EC4 /* CarsModelViewModel.swift in Sources */ = {isa = PBXBuildFile; fileRef = 3E0A9EEB2106486800BE2EC4 /* CarsModelViewModel.swift */; };
		3E0A9F232106486800BE2EC4 /* CarsManufactureViewController.swift in Sources */ = {isa = PBXBuildFile; fileRef = 3E0A9EED2106486800BE2EC4 /* CarsManufactureViewController.swift */; };
		3E0A9F242106486800BE2EC4 /* CarManufactureRouter.swift in Sources */ = {isa = PBXBuildFile; fileRef = 3E0A9EEE2106486800BE2EC4 /* CarManufactureRouter.swift */; };
		3E0A9F252106486800BE2EC4 /* CarsManufactureCellViewModel.swift in Sources */ = {isa = PBXBuildFile; fileRef = 3E0A9EEF2106486800BE2EC4 /* CarsManufactureCellViewModel.swift */; };
		3E0A9F262106486800BE2EC4 /* CarsManufactureTableViewCell.swift in Sources */ = {isa = PBXBuildFile; fileRef = 3E0A9EF02106486800BE2EC4 /* CarsManufactureTableViewCell.swift */; };
		3E0A9F272106486800BE2EC4 /* CarsManufactureViewModel.swift in Sources */ = {isa = PBXBuildFile; fileRef = 3E0A9EF12106486800BE2EC4 /* CarsManufactureViewModel.swift */; };
		3E0A9F282106486800BE2EC4 /* CarsManufactureTableViewCell.xib in Resources */ = {isa = PBXBuildFile; fileRef = 3E0A9EF22106486800BE2EC4 /* CarsManufactureTableViewCell.xib */; };
		3E0A9F292106486800BE2EC4 /* ViewModelAdapters.swift in Sources */ = {isa = PBXBuildFile; fileRef = 3E0A9EF42106486800BE2EC4 /* ViewModelAdapters.swift */; };
		3E0A9F2A2106486800BE2EC4 /* BaseTableViewController.swift in Sources */ = {isa = PBXBuildFile; fileRef = 3E0A9EF52106486800BE2EC4 /* BaseTableViewController.swift */; };
		3E0A9F2B2106486800BE2EC4 /* ViewAdapters.swift in Sources */ = {isa = PBXBuildFile; fileRef = 3E0A9EF62106486800BE2EC4 /* ViewAdapters.swift */; };
		3E0A9F2C2106486800BE2EC4 /* TableViewDataSourceViewModel.swift in Sources */ = {isa = PBXBuildFile; fileRef = 3E0A9EF72106486800BE2EC4 /* TableViewDataSourceViewModel.swift */; };
		3E0A9F2D2106486800BE2EC4 /* AppCoordinator.swift in Sources */ = {isa = PBXBuildFile; fileRef = 3E0A9EF92106486800BE2EC4 /* AppCoordinator.swift */; };
		3E0A9F2E2106486800BE2EC4 /* Coorinator.swift in Sources */ = {isa = PBXBuildFile; fileRef = 3E0A9EFA2106486800BE2EC4 /* Coorinator.swift */; };
		3E0A9F2F2106486800BE2EC4 /* CellViewModel.swift in Sources */ = {isa = PBXBuildFile; fileRef = 3E0A9EFB2106486800BE2EC4 /* CellViewModel.swift */; };
		3E0A9F302106486800BE2EC4 /* Theme.swift in Sources */ = {isa = PBXBuildFile; fileRef = 3E0A9EFC2106486800BE2EC4 /* Theme.swift */; };
		3E0A9F312106486800BE2EC4 /* NetworkRequestBuilder.swift in Sources */ = {isa = PBXBuildFile; fileRef = 3E0A9EFF2106486800BE2EC4 /* NetworkRequestBuilder.swift */; };
		3E0A9F322106486800BE2EC4 /* NetworkDataResponse.swift in Sources */ = {isa = PBXBuildFile; fileRef = 3E0A9F002106486800BE2EC4 /* NetworkDataResponse.swift */; };
		3E0A9F332106486800BE2EC4 /* NetworkErrorBuilder.swift in Sources */ = {isa = PBXBuildFile; fileRef = 3E0A9F012106486800BE2EC4 /* NetworkErrorBuilder.swift */; };
		3E0A9F342106486800BE2EC4 /* NetworkService.swift in Sources */ = {isa = PBXBuildFile; fileRef = 3E0A9F022106486800BE2EC4 /* NetworkService.swift */; };
		3E0A9F352106486800BE2EC4 /* CarManufactureUseCase.swift in Sources */ = {isa = PBXBuildFile; fileRef = 3E0A9F032106486800BE2EC4 /* CarManufactureUseCase.swift */; };
		3E0A9F362106486800BE2EC4 /* PageUseCase.swift in Sources */ = {isa = PBXBuildFile; fileRef = 3E0A9F042106486800BE2EC4 /* PageUseCase.swift */; };
		3E0A9F372106486800BE2EC4 /* Resetable.swift in Sources */ = {isa = PBXBuildFile; fileRef = 3E0A9F052106486800BE2EC4 /* Resetable.swift */; };
		3E0A9F382106486800BE2EC4 /* NetworkAdaptor.swift in Sources */ = {isa = PBXBuildFile; fileRef = 3E0A9F062106486800BE2EC4 /* NetworkAdaptor.swift */; };
		3E0A9F392106486800BE2EC4 /* CarModelUseCase.swift in Sources */ = {isa = PBXBuildFile; fileRef = 3E0A9F072106486800BE2EC4 /* CarModelUseCase.swift */; };
		3E0A9F3A2106486800BE2EC4 /* AppConfiguration.swift in Sources */ = {isa = PBXBuildFile; fileRef = 3E0A9F092106486800BE2EC4 /* AppConfiguration.swift */; };
		3E0A9F3B2106486800BE2EC4 /* AppConfiguration+PageSize.swift in Sources */ = {isa = PBXBuildFile; fileRef = 3E0A9F0A2106486800BE2EC4 /* AppConfiguration+PageSize.swift */; };
		3E0A9F3C2106486800BE2EC4 /* AppConfiguration.plist in Resources */ = {isa = PBXBuildFile; fileRef = 3E0A9F0B2106486800BE2EC4 /* AppConfiguration.plist */; };
		3E0A9F3D2106486800BE2EC4 /* AppConfiguration+ApiInfo.swift in Sources */ = {isa = PBXBuildFile; fileRef = 3E0A9F0C2106486800BE2EC4 /* AppConfiguration+ApiInfo.swift */; };
		3E0A9F3E2106486800BE2EC4 /* CarModelRespository.swift in Sources */ = {isa = PBXBuildFile; fileRef = 3E0A9F0E2106486800BE2EC4 /* CarModelRespository.swift */; };
		3E0A9F3F2106486800BE2EC4 /* CarManufactureRepository.swift in Sources */ = {isa = PBXBuildFile; fileRef = 3E0A9F0F2106486800BE2EC4 /* CarManufactureRepository.swift */; };
		3E0A9F402106486800BE2EC4 /* PageRepository.swift in Sources */ = {isa = PBXBuildFile; fileRef = 3E0A9F102106486800BE2EC4 /* PageRepository.swift */; };
		3E0A9F412106486800BE2EC4 /* UIView+Extensions.swift in Sources */ = {isa = PBXBuildFile; fileRef = 3E0A9F122106486800BE2EC4 /* UIView+Extensions.swift */; };
		3E0A9F422106486800BE2EC4 /* String+Extensions.swift in Sources */ = {isa = PBXBuildFile; fileRef = 3E0A9F132106486800BE2EC4 /* String+Extensions.swift */; };
		3E0A9F432106486800BE2EC4 /* UIViewController+Alerts.swift in Sources */ = {isa = PBXBuildFile; fileRef = 3E0A9F142106486800BE2EC4 /* UIViewController+Alerts.swift */; };
		3E0A9F442106486800BE2EC4 /* Localizable.strings in Resources */ = {isa = PBXBuildFile; fileRef = 3E0A9F162106486800BE2EC4 /* Localizable.strings */; };
		3E0A9F4A210648B300BE2EC4 /* CarManufactureComponents.swift in Sources */ = {isa = PBXBuildFile; fileRef = 3E0A9F46210648B300BE2EC4 /* CarManufactureComponents.swift */; };
		3E0A9F4B210648B300BE2EC4 /* AppComponents.swift in Sources */ = {isa = PBXBuildFile; fileRef = 3E0A9F47210648B300BE2EC4 /* AppComponents.swift */; };
		3E0A9F4C210648B300BE2EC4 /* ComponentFactory.swift in Sources */ = {isa = PBXBuildFile; fileRef = 3E0A9F48210648B300BE2EC4 /* ComponentFactory.swift */; };
		3E0A9F4D210648B300BE2EC4 /* CarsModelComponents.swift in Sources */ = {isa = PBXBuildFile; fileRef = 3E0A9F49210648B300BE2EC4 /* CarsModelComponents.swift */; };
		6EA320A9AA1D098D20185162 /* Pods_conceptTests.framework in Frameworks */ = {isa = PBXBuildFile; fileRef = C6A5CE12BA10056836A4F8F9 /* Pods_conceptTests.framework */; };
		C8D1CEAD42A6CB106C016F5F /* Pods_conceptUITests.framework in Frameworks */ = {isa = PBXBuildFile; fileRef = 6FB835818CA1568D0DE1B5B0 /* Pods_conceptUITests.framework */; };
		FD2578237DEBE6A7DBDEA0F7 /* Pods_concept.framework in Frameworks */ = {isa = PBXBuildFile; fileRef = 649DD96B62F0649AE6327C26 /* Pods_concept.framework */; };
/* End PBXBuildFile section */

/* Begin PBXContainerItemProxy section */
		3E0A9E56210643BB00BE2EC4 /* PBXContainerItemProxy */ = {
			isa = PBXContainerItemProxy;
			containerPortal = 3E0A9E39210643B900BE2EC4 /* Project object */;
			proxyType = 1;
			remoteGlobalIDString = 3E0A9E40210643B900BE2EC4;
			remoteInfo = concept;
		};
		3E0A9E61210643BB00BE2EC4 /* PBXContainerItemProxy */ = {
			isa = PBXContainerItemProxy;
			containerPortal = 3E0A9E39210643B900BE2EC4 /* Project object */;
			proxyType = 1;
			remoteGlobalIDString = 3E0A9E40210643B900BE2EC4;
			remoteInfo = concept;
		};
/* End PBXContainerItemProxy section */

/* Begin PBXFileReference section */
		22409AD6F4D175FE45133051 /* Pods-concept.release.xcconfig */ = {isa = PBXFileReference; includeInIndex = 1; lastKnownFileType = text.xcconfig; name = "Pods-concept.release.xcconfig"; path = "Pods/Target Support Files/Pods-concept/Pods-concept.release.xcconfig"; sourceTree = "<group>"; };
		3E0A9E41210643B900BE2EC4 /* concept.app */ = {isa = PBXFileReference; explicitFileType = wrapper.application; includeInIndex = 0; path = concept.app; sourceTree = BUILT_PRODUCTS_DIR; };
		3E0A9E44210643B900BE2EC4 /* AppDelegate.swift */ = {isa = PBXFileReference; lastKnownFileType = sourcecode.swift; path = AppDelegate.swift; sourceTree = "<group>"; };
		3E0A9E49210643B900BE2EC4 /* Base */ = {isa = PBXFileReference; lastKnownFileType = file.storyboard; name = Base; path = Base.lproj/Main.storyboard; sourceTree = "<group>"; };
		3E0A9E4B210643BB00BE2EC4 /* Assets.xcassets */ = {isa = PBXFileReference; lastKnownFileType = folder.assetcatalog; path = Assets.xcassets; sourceTree = "<group>"; };
		3E0A9E4E210643BB00BE2EC4 /* Base */ = {isa = PBXFileReference; lastKnownFileType = file.storyboard; name = Base; path = Base.lproj/LaunchScreen.storyboard; sourceTree = "<group>"; };
		3E0A9E50210643BB00BE2EC4 /* Info.plist */ = {isa = PBXFileReference; lastKnownFileType = text.plist.xml; path = Info.plist; sourceTree = "<group>"; };
		3E0A9E55210643BB00BE2EC4 /* conceptTests.xctest */ = {isa = PBXFileReference; explicitFileType = wrapper.cfbundle; includeInIndex = 0; path = conceptTests.xctest; sourceTree = BUILT_PRODUCTS_DIR; };
		3E0A9E59210643BB00BE2EC4 /* conceptTests.swift */ = {isa = PBXFileReference; lastKnownFileType = sourcecode.swift; path = conceptTests.swift; sourceTree = "<group>"; };
		3E0A9E5B210643BB00BE2EC4 /* Info.plist */ = {isa = PBXFileReference; lastKnownFileType = text.plist.xml; path = Info.plist; sourceTree = "<group>"; };
		3E0A9E60210643BB00BE2EC4 /* conceptUITests.xctest */ = {isa = PBXFileReference; explicitFileType = wrapper.cfbundle; includeInIndex = 0; path = conceptUITests.xctest; sourceTree = BUILT_PRODUCTS_DIR; };
		3E0A9E64210643BB00BE2EC4 /* conceptUITests.swift */ = {isa = PBXFileReference; lastKnownFileType = sourcecode.swift; path = conceptUITests.swift; sourceTree = "<group>"; };
		3E0A9E66210643BB00BE2EC4 /* Info.plist */ = {isa = PBXFileReference; lastKnownFileType = text.plist.xml; path = Info.plist; sourceTree = "<group>"; };
		3E0A9EDE2106486800BE2EC4 /* AppDelegate+Setup.swift */ = {isa = PBXFileReference; fileEncoding = 4; lastKnownFileType = sourcecode.swift; path = "AppDelegate+Setup.swift"; sourceTree = "<group>"; };
		3E0A9EE02106486800BE2EC4 /* CarModel.swift */ = {isa = PBXFileReference; fileEncoding = 4; lastKnownFileType = sourcecode.swift; path = CarModel.swift; sourceTree = "<group>"; };
		3E0A9EE12106486800BE2EC4 /* DictionaryModel.swift */ = {isa = PBXFileReference; fileEncoding = 4; lastKnownFileType = sourcecode.swift; path = DictionaryModel.swift; sourceTree = "<group>"; };
		3E0A9EE22106486800BE2EC4 /* ApiInfo.swift */ = {isa = PBXFileReference; fileEncoding = 4; lastKnownFileType = sourcecode.swift; path = ApiInfo.swift; sourceTree = "<group>"; };
		3E0A9EE32106486800BE2EC4 /* CarManufacture.swift */ = {isa = PBXFileReference; fileEncoding = 4; lastKnownFileType = sourcecode.swift; path = CarManufacture.swift; sourceTree = "<group>"; };
		3E0A9EE42106486800BE2EC4 /* PageInfo.swift */ = {isa = PBXFileReference; fileEncoding = 4; lastKnownFileType = sourcecode.swift; path = PageInfo.swift; sourceTree = "<group>"; };
		3E0A9EE72106486800BE2EC4 /* CarsModelTableViewCell.xib */ = {isa = PBXFileReference; fileEncoding = 4; lastKnownFileType = file.xib; path = CarsModelTableViewCell.xib; sourceTree = "<group>"; };
		3E0A9EE82106486800BE2EC4 /* CarModelCellViewModel.swift */ = {isa = PBXFileReference; fileEncoding = 4; lastKnownFileType = sourcecode.swift; path = CarModelCellViewModel.swift; sourceTree = "<group>"; };
		3E0A9EE92106486800BE2EC4 /* CarsModelTableViewCell.swift */ = {isa = PBXFileReference; fileEncoding = 4; lastKnownFileType = sourcecode.swift; path = CarsModelTableViewCell.swift; sourceTree = "<group>"; };
		3E0A9EEA2106486800BE2EC4 /* CarsModelViewController.swift */ = {isa = PBXFileReference; fileEncoding = 4; lastKnownFileType = sourcecode.swift; path = CarsModelViewController.swift; sourceTree = "<group>"; };
		3E0A9EEB2106486800BE2EC4 /* CarsModelViewModel.swift */ = {isa = PBXFileReference; fileEncoding = 4; lastKnownFileType = sourcecode.swift; path = CarsModelViewModel.swift; sourceTree = "<group>"; };
		3E0A9EED2106486800BE2EC4 /* CarsManufactureViewController.swift */ = {isa = PBXFileReference; fileEncoding = 4; lastKnownFileType = sourcecode.swift; path = CarsManufactureViewController.swift; sourceTree = "<group>"; };
		3E0A9EEE2106486800BE2EC4 /* CarManufactureRouter.swift */ = {isa = PBXFileReference; fileEncoding = 4; lastKnownFileType = sourcecode.swift; path = CarManufactureRouter.swift; sourceTree = "<group>"; };
		3E0A9EEF2106486800BE2EC4 /* CarsManufactureCellViewModel.swift */ = {isa = PBXFileReference; fileEncoding = 4; lastKnownFileType = sourcecode.swift; path = CarsManufactureCellViewModel.swift; sourceTree = "<group>"; };
		3E0A9EF02106486800BE2EC4 /* CarsManufactureTableViewCell.swift */ = {isa = PBXFileReference; fileEncoding = 4; lastKnownFileType = sourcecode.swift; path = CarsManufactureTableViewCell.swift; sourceTree = "<group>"; };
		3E0A9EF12106486800BE2EC4 /* CarsManufactureViewModel.swift */ = {isa = PBXFileReference; fileEncoding = 4; lastKnownFileType = sourcecode.swift; path = CarsManufactureViewModel.swift; sourceTree = "<group>"; };
		3E0A9EF22106486800BE2EC4 /* CarsManufactureTableViewCell.xib */ = {isa = PBXFileReference; fileEncoding = 4; lastKnownFileType = file.xib; path = CarsManufactureTableViewCell.xib; sourceTree = "<group>"; };
		3E0A9EF42106486800BE2EC4 /* ViewModelAdapters.swift */ = {isa = PBXFileReference; fileEncoding = 4; lastKnownFileType = sourcecode.swift; path = ViewModelAdapters.swift; sourceTree = "<group>"; };
		3E0A9EF52106486800BE2EC4 /* BaseTableViewController.swift */ = {isa = PBXFileReference; fileEncoding = 4; lastKnownFileType = sourcecode.swift; path = BaseTableViewController.swift; sourceTree = "<group>"; };
		3E0A9EF62106486800BE2EC4 /* ViewAdapters.swift */ = {isa = PBXFileReference; fileEncoding = 4; lastKnownFileType = sourcecode.swift; path = ViewAdapters.swift; sourceTree = "<group>"; };
		3E0A9EF72106486800BE2EC4 /* TableViewDataSourceViewModel.swift */ = {isa = PBXFileReference; fileEncoding = 4; lastKnownFileType = sourcecode.swift; path = TableViewDataSourceViewModel.swift; sourceTree = "<group>"; };
		3E0A9EF92106486800BE2EC4 /* AppCoordinator.swift */ = {isa = PBXFileReference; fileEncoding = 4; lastKnownFileType = sourcecode.swift; path = AppCoordinator.swift; sourceTree = "<group>"; };
		3E0A9EFA2106486800BE2EC4 /* Coorinator.swift */ = {isa = PBXFileReference; fileEncoding = 4; lastKnownFileType = sourcecode.swift; path = Coorinator.swift; sourceTree = "<group>"; };
		3E0A9EFB2106486800BE2EC4 /* CellViewModel.swift */ = {isa = PBXFileReference; fileEncoding = 4; lastKnownFileType = sourcecode.swift; path = CellViewModel.swift; sourceTree = "<group>"; };
		3E0A9EFC2106486800BE2EC4 /* Theme.swift */ = {isa = PBXFileReference; fileEncoding = 4; lastKnownFileType = sourcecode.swift; path = Theme.swift; sourceTree = "<group>"; };
		3E0A9EFF2106486800BE2EC4 /* NetworkRequestBuilder.swift */ = {isa = PBXFileReference; fileEncoding = 4; lastKnownFileType = sourcecode.swift; path = NetworkRequestBuilder.swift; sourceTree = "<group>"; };
		3E0A9F002106486800BE2EC4 /* NetworkDataResponse.swift */ = {isa = PBXFileReference; fileEncoding = 4; lastKnownFileType = sourcecode.swift; path = NetworkDataResponse.swift; sourceTree = "<group>"; };
		3E0A9F012106486800BE2EC4 /* NetworkErrorBuilder.swift */ = {isa = PBXFileReference; fileEncoding = 4; lastKnownFileType = sourcecode.swift; path = NetworkErrorBuilder.swift; sourceTree = "<group>"; };
		3E0A9F022106486800BE2EC4 /* NetworkService.swift */ = {isa = PBXFileReference; fileEncoding = 4; lastKnownFileType = sourcecode.swift; path = NetworkService.swift; sourceTree = "<group>"; };
		3E0A9F032106486800BE2EC4 /* CarManufactureUseCase.swift */ = {isa = PBXFileReference; fileEncoding = 4; lastKnownFileType = sourcecode.swift; path = CarManufactureUseCase.swift; sourceTree = "<group>"; };
		3E0A9F042106486800BE2EC4 /* PageUseCase.swift */ = {isa = PBXFileReference; fileEncoding = 4; lastKnownFileType = sourcecode.swift; path = PageUseCase.swift; sourceTree = "<group>"; };
		3E0A9F052106486800BE2EC4 /* Resetable.swift */ = {isa = PBXFileReference; fileEncoding = 4; lastKnownFileType = sourcecode.swift; path = Resetable.swift; sourceTree = "<group>"; };
		3E0A9F062106486800BE2EC4 /* NetworkAdaptor.swift */ = {isa = PBXFileReference; fileEncoding = 4; lastKnownFileType = sourcecode.swift; path = NetworkAdaptor.swift; sourceTree = "<group>"; };
		3E0A9F072106486800BE2EC4 /* CarModelUseCase.swift */ = {isa = PBXFileReference; fileEncoding = 4; lastKnownFileType = sourcecode.swift; path = CarModelUseCase.swift; sourceTree = "<group>"; };
		3E0A9F092106486800BE2EC4 /* AppConfiguration.swift */ = {isa = PBXFileReference; fileEncoding = 4; lastKnownFileType = sourcecode.swift; path = AppConfiguration.swift; sourceTree = "<group>"; };
		3E0A9F0A2106486800BE2EC4 /* AppConfiguration+PageSize.swift */ = {isa = PBXFileReference; fileEncoding = 4; lastKnownFileType = sourcecode.swift; path = "AppConfiguration+PageSize.swift"; sourceTree = "<group>"; };
		3E0A9F0B2106486800BE2EC4 /* AppConfiguration.plist */ = {isa = PBXFileReference; fileEncoding = 4; lastKnownFileType = text.plist.xml; path = AppConfiguration.plist; sourceTree = "<group>"; };
		3E0A9F0C2106486800BE2EC4 /* AppConfiguration+ApiInfo.swift */ = {isa = PBXFileReference; fileEncoding = 4; lastKnownFileType = sourcecode.swift; path = "AppConfiguration+ApiInfo.swift"; sourceTree = "<group>"; };
		3E0A9F0E2106486800BE2EC4 /* CarModelRespository.swift */ = {isa = PBXFileReference; fileEncoding = 4; lastKnownFileType = sourcecode.swift; path = CarModelRespository.swift; sourceTree = "<group>"; };
		3E0A9F0F2106486800BE2EC4 /* CarManufactureRepository.swift */ = {isa = PBXFileReference; fileEncoding = 4; lastKnownFileType = sourcecode.swift; path = CarManufactureRepository.swift; sourceTree = "<group>"; };
		3E0A9F102106486800BE2EC4 /* PageRepository.swift */ = {isa = PBXFileReference; fileEncoding = 4; lastKnownFileType = sourcecode.swift; path = PageRepository.swift; sourceTree = "<group>"; };
		3E0A9F122106486800BE2EC4 /* UIView+Extensions.swift */ = {isa = PBXFileReference; fileEncoding = 4; lastKnownFileType = sourcecode.swift; path = "UIView+Extensions.swift"; sourceTree = "<group>"; };
		3E0A9F132106486800BE2EC4 /* String+Extensions.swift */ = {isa = PBXFileReference; fileEncoding = 4; lastKnownFileType = sourcecode.swift; path = "String+Extensions.swift"; sourceTree = "<group>"; };
		3E0A9F142106486800BE2EC4 /* UIViewController+Alerts.swift */ = {isa = PBXFileReference; fileEncoding = 4; lastKnownFileType = sourcecode.swift; path = "UIViewController+Alerts.swift"; sourceTree = "<group>"; };
		3E0A9F172106486800BE2EC4 /* en */ = {isa = PBXFileReference; lastKnownFileType = text.plist.strings; name = en; path = en.lproj/Localizable.strings; sourceTree = "<group>"; };
		3E0A9F46210648B300BE2EC4 /* CarManufactureComponents.swift */ = {isa = PBXFileReference; fileEncoding = 4; lastKnownFileType = sourcecode.swift; path = CarManufactureComponents.swift; sourceTree = "<group>"; };
		3E0A9F47210648B300BE2EC4 /* AppComponents.swift */ = {isa = PBXFileReference; fileEncoding = 4; lastKnownFileType = sourcecode.swift; path = AppComponents.swift; sourceTree = "<group>"; };
		3E0A9F48210648B300BE2EC4 /* ComponentFactory.swift */ = {isa = PBXFileReference; fileEncoding = 4; lastKnownFileType = sourcecode.swift; path = ComponentFactory.swift; sourceTree = "<group>"; };
		3E0A9F49210648B300BE2EC4 /* CarsModelComponents.swift */ = {isa = PBXFileReference; fileEncoding = 4; lastKnownFileType = sourcecode.swift; path = CarsModelComponents.swift; sourceTree = "<group>"; };
		649DD96B62F0649AE6327C26 /* Pods_concept.framework */ = {isa = PBXFileReference; explicitFileType = wrapper.framework; includeInIndex = 0; path = Pods_concept.framework; sourceTree = BUILT_PRODUCTS_DIR; };
		6FB835818CA1568D0DE1B5B0 /* Pods_conceptUITests.framework */ = {isa = PBXFileReference; explicitFileType = wrapper.framework; includeInIndex = 0; path = Pods_conceptUITests.framework; sourceTree = BUILT_PRODUCTS_DIR; };
		794C13E1AF40D3EB418EC1C6 /* Pods-conceptTests.debug.xcconfig */ = {isa = PBXFileReference; includeInIndex = 1; lastKnownFileType = text.xcconfig; name = "Pods-conceptTests.debug.xcconfig"; path = "Pods/Target Support Files/Pods-conceptTests/Pods-conceptTests.debug.xcconfig"; sourceTree = "<group>"; };
		8303E2C3A822E730A470912A /* Pods-conceptUITests.debug.xcconfig */ = {isa = PBXFileReference; includeInIndex = 1; lastKnownFileType = text.xcconfig; name = "Pods-conceptUITests.debug.xcconfig"; path = "Pods/Target Support Files/Pods-conceptUITests/Pods-conceptUITests.debug.xcconfig"; sourceTree = "<group>"; };
		87620F5F79BDB2B60EC38CE9 /* Pods-conceptUITests.release.xcconfig */ = {isa = PBXFileReference; includeInIndex = 1; lastKnownFileType = text.xcconfig; name = "Pods-conceptUITests.release.xcconfig"; path = "Pods/Target Support Files/Pods-conceptUITests/Pods-conceptUITests.release.xcconfig"; sourceTree = "<group>"; };
		B74249F5F238FDC8F8B14425 /* Pods-conceptTests.release.xcconfig */ = {isa = PBXFileReference; includeInIndex = 1; lastKnownFileType = text.xcconfig; name = "Pods-conceptTests.release.xcconfig"; path = "Pods/Target Support Files/Pods-conceptTests/Pods-conceptTests.release.xcconfig"; sourceTree = "<group>"; };
		C6A5CE12BA10056836A4F8F9 /* Pods_conceptTests.framework */ = {isa = PBXFileReference; explicitFileType = wrapper.framework; includeInIndex = 0; path = Pods_conceptTests.framework; sourceTree = BUILT_PRODUCTS_DIR; };
		E2C342F27B1F6E9517884571 /* Pods-concept.debug.xcconfig */ = {isa = PBXFileReference; includeInIndex = 1; lastKnownFileType = text.xcconfig; name = "Pods-concept.debug.xcconfig"; path = "Pods/Target Support Files/Pods-concept/Pods-concept.debug.xcconfig"; sourceTree = "<group>"; };
/* End PBXFileReference section */

/* Begin PBXFrameworksBuildPhase section */
		3E0A9E3E210643B900BE2EC4 /* Frameworks */ = {
			isa = PBXFrameworksBuildPhase;
			buildActionMask = 2147483647;
			files = (
				FD2578237DEBE6A7DBDEA0F7 /* Pods_concept.framework in Frameworks */,
			);
			runOnlyForDeploymentPostprocessing = 0;
		};
		3E0A9E52210643BB00BE2EC4 /* Frameworks */ = {
			isa = PBXFrameworksBuildPhase;
			buildActionMask = 2147483647;
			files = (
				6EA320A9AA1D098D20185162 /* Pods_conceptTests.framework in Frameworks */,
			);
			runOnlyForDeploymentPostprocessing = 0;
		};
		3E0A9E5D210643BB00BE2EC4 /* Frameworks */ = {
			isa = PBXFrameworksBuildPhase;
			buildActionMask = 2147483647;
			files = (
				C8D1CEAD42A6CB106C016F5F /* Pods_conceptUITests.framework in Frameworks */,
			);
			runOnlyForDeploymentPostprocessing = 0;
		};
/* End PBXFrameworksBuildPhase section */

/* Begin PBXGroup section */
		3E0A9E38210643B900BE2EC4 = {
			isa = PBXGroup;
			children = (
				3E0A9E43210643B900BE2EC4 /* concept */,
				3E0A9E58210643BB00BE2EC4 /* conceptTests */,
				3E0A9E63210643BB00BE2EC4 /* conceptUITests */,
				3E0A9E42210643B900BE2EC4 /* Products */,
				9A85AE80B11BB7B7EB539216 /* Pods */,
				D6D304F09A1EBB6EC8A37A66 /* Frameworks */,
			);
			sourceTree = "<group>";
		};
		3E0A9E42210643B900BE2EC4 /* Products */ = {
			isa = PBXGroup;
			children = (
				3E0A9E41210643B900BE2EC4 /* concept.app */,
				3E0A9E55210643BB00BE2EC4 /* conceptTests.xctest */,
				3E0A9E60210643BB00BE2EC4 /* conceptUITests.xctest */,
			);
			name = Products;
			sourceTree = "<group>";
		};
		3E0A9E43210643B900BE2EC4 /* concept */ = {
			isa = PBXGroup;
			children = (
				3E0A9E44210643B900BE2EC4 /* AppDelegate.swift */,
				3E0A9EDE2106486800BE2EC4 /* AppDelegate+Setup.swift */,
				3E0A9EFD2106486800BE2EC4 /* Core */,
				3E0A9EDF2106486800BE2EC4 /* DataModels */,
				3E0A9F152106486800BE2EC4 /* Localizable */,
				3E0A9EE52106486800BE2EC4 /* UI */,
				3E0A9E48210643B900BE2EC4 /* Main.storyboard */,
				3E0A9E4B210643BB00BE2EC4 /* Assets.xcassets */,
				3E0A9E4D210643BB00BE2EC4 /* LaunchScreen.storyboard */,
				3E0A9E50210643BB00BE2EC4 /* Info.plist */,
			);
			path = concept;
			sourceTree = "<group>";
		};
		3E0A9E58210643BB00BE2EC4 /* conceptTests */ = {
			isa = PBXGroup;
			children = (
				3E0A9E59210643BB00BE2EC4 /* conceptTests.swift */,
				3E0A9E5B210643BB00BE2EC4 /* Info.plist */,
			);
			path = conceptTests;
			sourceTree = "<group>";
		};
		3E0A9E63210643BB00BE2EC4 /* conceptUITests */ = {
			isa = PBXGroup;
			children = (
				3E0A9E64210643BB00BE2EC4 /* conceptUITests.swift */,
				3E0A9E66210643BB00BE2EC4 /* Info.plist */,
			);
			path = conceptUITests;
			sourceTree = "<group>";
		};
		3E0A9EDF2106486800BE2EC4 /* DataModels */ = {
			isa = PBXGroup;
			children = (
				3E0A9EE02106486800BE2EC4 /* CarModel.swift */,
				3E0A9EE12106486800BE2EC4 /* DictionaryModel.swift */,
				3E0A9EE22106486800BE2EC4 /* ApiInfo.swift */,
				3E0A9EE32106486800BE2EC4 /* CarManufacture.swift */,
				3E0A9EE42106486800BE2EC4 /* PageInfo.swift */,
			);
			path = DataModels;
			sourceTree = "<group>";
		};
		3E0A9EE52106486800BE2EC4 /* UI */ = {
			isa = PBXGroup;
			children = (
				3E0A9EE62106486800BE2EC4 /* CarsModel */,
				3E0A9EEC2106486800BE2EC4 /* CarsManufacturer */,
				3E0A9EF32106486800BE2EC4 /* Base */,
			);
			path = UI;
			sourceTree = "<group>";
		};
		3E0A9EE62106486800BE2EC4 /* CarsModel */ = {
			isa = PBXGroup;
			children = (
				3E0A9EE72106486800BE2EC4 /* CarsModelTableViewCell.xib */,
				3E0A9EE82106486800BE2EC4 /* CarModelCellViewModel.swift */,
				3E0A9EE92106486800BE2EC4 /* CarsModelTableViewCell.swift */,
				3E0A9EEA2106486800BE2EC4 /* CarsModelViewController.swift */,
				3E0A9EEB2106486800BE2EC4 /* CarsModelViewModel.swift */,
			);
			path = CarsModel;
			sourceTree = "<group>";
		};
		3E0A9EEC2106486800BE2EC4 /* CarsManufacturer */ = {
			isa = PBXGroup;
			children = (
				3E0A9EED2106486800BE2EC4 /* CarsManufactureViewController.swift */,
				3E0A9EEE2106486800BE2EC4 /* CarManufactureRouter.swift */,
				3E0A9EEF2106486800BE2EC4 /* CarsManufactureCellViewModel.swift */,
				3E0A9EF02106486800BE2EC4 /* CarsManufactureTableViewCell.swift */,
				3E0A9EF12106486800BE2EC4 /* CarsManufactureViewModel.swift */,
				3E0A9EF22106486800BE2EC4 /* CarsManufactureTableViewCell.xib */,
			);
			path = CarsManufacturer;
			sourceTree = "<group>";
		};
		3E0A9EF32106486800BE2EC4 /* Base */ = {
			isa = PBXGroup;
			children = (
				3E0A9EF42106486800BE2EC4 /* ViewModelAdapters.swift */,
				3E0A9EF52106486800BE2EC4 /* BaseTableViewController.swift */,
				3E0A9EF62106486800BE2EC4 /* ViewAdapters.swift */,
				3E0A9EF72106486800BE2EC4 /* TableViewDataSourceViewModel.swift */,
				3E0A9EF82106486800BE2EC4 /* Coorinators */,
				3E0A9EFB2106486800BE2EC4 /* CellViewModel.swift */,
				3E0A9EFC2106486800BE2EC4 /* Theme.swift */,
			);
			path = Base;
			sourceTree = "<group>";
		};
		3E0A9EF82106486800BE2EC4 /* Coorinators */ = {
			isa = PBXGroup;
			children = (
				3E0A9EF92106486800BE2EC4 /* AppCoordinator.swift */,
				3E0A9EFA2106486800BE2EC4 /* Coorinator.swift */,
			);
			path = Coorinators;
			sourceTree = "<group>";
		};
		3E0A9EFD2106486800BE2EC4 /* Core */ = {
			isa = PBXGroup;
			children = (
				3E0A9F45210648B300BE2EC4 /* Injection */,
				3E0A9EFE2106486800BE2EC4 /* Network */,
				3E0A9F082106486800BE2EC4 /* AppConfiguration */,
				3E0A9F0D2106486800BE2EC4 /* Repositories */,
				3E0A9F112106486800BE2EC4 /* Extensions */,
			);
			path = Core;
			sourceTree = "<group>";
		};
		3E0A9EFE2106486800BE2EC4 /* Network */ = {
			isa = PBXGroup;
			children = (
				3E0A9EFF2106486800BE2EC4 /* NetworkRequestBuilder.swift */,
				3E0A9F002106486800BE2EC4 /* NetworkDataResponse.swift */,
				3E0A9F012106486800BE2EC4 /* NetworkErrorBuilder.swift */,
				3E0A9F022106486800BE2EC4 /* NetworkService.swift */,
				3E0A9F032106486800BE2EC4 /* CarManufactureUseCase.swift */,
				3E0A9F042106486800BE2EC4 /* PageUseCase.swift */,
				3E0A9F052106486800BE2EC4 /* Resetable.swift */,
				3E0A9F062106486800BE2EC4 /* NetworkAdaptor.swift */,
				3E0A9F072106486800BE2EC4 /* CarModelUseCase.swift */,
			);
			path = Network;
			sourceTree = "<group>";
		};
		3E0A9F082106486800BE2EC4 /* AppConfiguration */ = {
			isa = PBXGroup;
			children = (
				3E0A9F092106486800BE2EC4 /* AppConfiguration.swift */,
				3E0A9F0A2106486800BE2EC4 /* AppConfiguration+PageSize.swift */,
				3E0A9F0B2106486800BE2EC4 /* AppConfiguration.plist */,
				3E0A9F0C2106486800BE2EC4 /* AppConfiguration+ApiInfo.swift */,
			);
			path = AppConfiguration;
			sourceTree = "<group>";
		};
		3E0A9F0D2106486800BE2EC4 /* Repositories */ = {
			isa = PBXGroup;
			children = (
				3E0A9F0E2106486800BE2EC4 /* CarModelRespository.swift */,
				3E0A9F0F2106486800BE2EC4 /* CarManufactureRepository.swift */,
				3E0A9F102106486800BE2EC4 /* PageRepository.swift */,
			);
			path = Repositories;
			sourceTree = "<group>";
		};
		3E0A9F112106486800BE2EC4 /* Extensions */ = {
			isa = PBXGroup;
			children = (
				3E0A9F122106486800BE2EC4 /* UIView+Extensions.swift */,
				3E0A9F132106486800BE2EC4 /* String+Extensions.swift */,
				3E0A9F142106486800BE2EC4 /* UIViewController+Alerts.swift */,
			);
			path = Extensions;
			sourceTree = "<group>";
		};
		3E0A9F152106486800BE2EC4 /* Localizable */ = {
			isa = PBXGroup;
			children = (
				3E0A9F162106486800BE2EC4 /* Localizable.strings */,
			);
			path = Localizable;
			sourceTree = "<group>";
		};
		3E0A9F45210648B300BE2EC4 /* Injection */ = {
			isa = PBXGroup;
			children = (
				3E0A9F46210648B300BE2EC4 /* CarManufactureComponents.swift */,
				3E0A9F47210648B300BE2EC4 /* AppComponents.swift */,
				3E0A9F48210648B300BE2EC4 /* ComponentFactory.swift */,
				3E0A9F49210648B300BE2EC4 /* CarsModelComponents.swift */,
			);
			path = Injection;
			sourceTree = "<group>";
		};
		9A85AE80B11BB7B7EB539216 /* Pods */ = {
			isa = PBXGroup;
			children = (
				E2C342F27B1F6E9517884571 /* Pods-concept.debug.xcconfig */,
				22409AD6F4D175FE45133051 /* Pods-concept.release.xcconfig */,
				794C13E1AF40D3EB418EC1C6 /* Pods-conceptTests.debug.xcconfig */,
				B74249F5F238FDC8F8B14425 /* Pods-conceptTests.release.xcconfig */,
				8303E2C3A822E730A470912A /* Pods-conceptUITests.debug.xcconfig */,
				87620F5F79BDB2B60EC38CE9 /* Pods-conceptUITests.release.xcconfig */,
			);
			name = Pods;
			sourceTree = "<group>";
		};
		D6D304F09A1EBB6EC8A37A66 /* Frameworks */ = {
			isa = PBXGroup;
			children = (
				649DD96B62F0649AE6327C26 /* Pods_concept.framework */,
				C6A5CE12BA10056836A4F8F9 /* Pods_conceptTests.framework */,
				6FB835818CA1568D0DE1B5B0 /* Pods_conceptUITests.framework */,
			);
			name = Frameworks;
			sourceTree = "<group>";
		};
/* End PBXGroup section */

/* Begin PBXNativeTarget section */
		3E0A9E40210643B900BE2EC4 /* concept */ = {
			isa = PBXNativeTarget;
			buildConfigurationList = 3E0A9E69210643BB00BE2EC4 /* Build configuration list for PBXNativeTarget "concept" */;
			buildPhases = (
				7189F756A94A92123C2BC43D /* [CP] Check Pods Manifest.lock */,
				3E0A9E3D210643B900BE2EC4 /* Sources */,
				3E0A9E3E210643B900BE2EC4 /* Frameworks */,
				3E0A9E3F210643B900BE2EC4 /* Resources */,
				1B39854FA7D5B676BAC8A6AA /* [CP] Embed Pods Frameworks */,
			);
			buildRules = (
			);
			dependencies = (
			);
			name = concept;
			productName = concept;
			productReference = 3E0A9E41210643B900BE2EC4 /* concept.app */;
			productType = "com.apple.product-type.application";
		};
		3E0A9E54210643BB00BE2EC4 /* conceptTests */ = {
			isa = PBXNativeTarget;
			buildConfigurationList = 3E0A9E6C210643BB00BE2EC4 /* Build configuration list for PBXNativeTarget "conceptTests" */;
			buildPhases = (
				05AB6AE6FC6998B02DFEC285 /* [CP] Check Pods Manifest.lock */,
				3E0A9E51210643BB00BE2EC4 /* Sources */,
				3E0A9E52210643BB00BE2EC4 /* Frameworks */,
				3E0A9E53210643BB00BE2EC4 /* Resources */,
			);
			buildRules = (
			);
			dependencies = (
				3E0A9E57210643BB00BE2EC4 /* PBXTargetDependency */,
			);
			name = conceptTests;
			productName = conceptTests;
			productReference = 3E0A9E55210643BB00BE2EC4 /* conceptTests.xctest */;
			productType = "com.apple.product-type.bundle.unit-test";
		};
		3E0A9E5F210643BB00BE2EC4 /* conceptUITests */ = {
			isa = PBXNativeTarget;
			buildConfigurationList = 3E0A9E6F210643BB00BE2EC4 /* Build configuration list for PBXNativeTarget "conceptUITests" */;
			buildPhases = (
				068196E162092FBA90817772 /* [CP] Check Pods Manifest.lock */,
				3E0A9E5C210643BB00BE2EC4 /* Sources */,
				3E0A9E5D210643BB00BE2EC4 /* Frameworks */,
				3E0A9E5E210643BB00BE2EC4 /* Resources */,
			);
			buildRules = (
			);
			dependencies = (
				3E0A9E62210643BB00BE2EC4 /* PBXTargetDependency */,
			);
			name = conceptUITests;
			productName = conceptUITests;
			productReference = 3E0A9E60210643BB00BE2EC4 /* conceptUITests.xctest */;
			productType = "com.apple.product-type.bundle.ui-testing";
		};
/* End PBXNativeTarget section */

/* Begin PBXProject section */
		3E0A9E39210643B900BE2EC4 /* Project object */ = {
			isa = PBXProject;
			attributes = {
				LastSwiftUpdateCheck = 0940;
				LastUpgradeCheck = 0940;
				ORGANIZATIONNAME = "Kabir Khan";
				TargetAttributes = {
					3E0A9E40210643B900BE2EC4 = {
						CreatedOnToolsVersion = 9.4.1;
					};
					3E0A9E54210643BB00BE2EC4 = {
						CreatedOnToolsVersion = 9.4.1;
						TestTargetID = 3E0A9E40210643B900BE2EC4;
					};
					3E0A9E5F210643BB00BE2EC4 = {
						CreatedOnToolsVersion = 9.4.1;
						TestTargetID = 3E0A9E40210643B900BE2EC4;
					};
				};
			};
			buildConfigurationList = 3E0A9E3C210643B900BE2EC4 /* Build configuration list for PBXProject "concept" */;
			compatibilityVersion = "Xcode 9.3";
			developmentRegion = en;
			hasScannedForEncodings = 0;
			knownRegions = (
				en,
				Base,
			);
			mainGroup = 3E0A9E38210643B900BE2EC4;
			productRefGroup = 3E0A9E42210643B900BE2EC4 /* Products */;
			projectDirPath = "";
			projectRoot = "";
			targets = (
				3E0A9E40210643B900BE2EC4 /* concept */,
				3E0A9E54210643BB00BE2EC4 /* conceptTests */,
				3E0A9E5F210643BB00BE2EC4 /* conceptUITests */,
			);
		};
/* End PBXProject section */

/* Begin PBXResourcesBuildPhase section */
		3E0A9E3F210643B900BE2EC4 /* Resources */ = {
			isa = PBXResourcesBuildPhase;
			buildActionMask = 2147483647;
			files = (
				3E0A9F1E2106486800BE2EC4 /* CarsModelTableViewCell.xib in Resources */,
				3E0A9E4F210643BB00BE2EC4 /* LaunchScreen.storyboard in Resources */,
				3E0A9F282106486800BE2EC4 /* CarsManufactureTableViewCell.xib in Resources */,
				3E0A9F442106486800BE2EC4 /* Localizable.strings in Resources */,
				3E0A9E4C210643BB00BE2EC4 /* Assets.xcassets in Resources */,
				3E0A9E4A210643B900BE2EC4 /* Main.storyboard in Resources */,
				3E0A9F3C2106486800BE2EC4 /* AppConfiguration.plist in Resources */,
			);
			runOnlyForDeploymentPostprocessing = 0;
		};
		3E0A9E53210643BB00BE2EC4 /* Resources */ = {
			isa = PBXResourcesBuildPhase;
			buildActionMask = 2147483647;
			files = (
			);
			runOnlyForDeploymentPostprocessing = 0;
		};
		3E0A9E5E210643BB00BE2EC4 /* Resources */ = {
			isa = PBXResourcesBuildPhase;
			buildActionMask = 2147483647;
			files = (
			);
			runOnlyForDeploymentPostprocessing = 0;
		};
/* End PBXResourcesBuildPhase section */

/* Begin PBXShellScriptBuildPhase section */
		05AB6AE6FC6998B02DFEC285 /* [CP] Check Pods Manifest.lock */ = {
			isa = PBXShellScriptBuildPhase;
			buildActionMask = 2147483647;
			files = (
			);
			inputPaths = (
				"${PODS_PODFILE_DIR_PATH}/Podfile.lock",
				"${PODS_ROOT}/Manifest.lock",
			);
			name = "[CP] Check Pods Manifest.lock";
			outputPaths = (
				"$(DERIVED_FILE_DIR)/Pods-conceptTests-checkManifestLockResult.txt",
			);
			runOnlyForDeploymentPostprocessing = 0;
			shellPath = /bin/sh;
			shellScript = "diff \"${PODS_PODFILE_DIR_PATH}/Podfile.lock\" \"${PODS_ROOT}/Manifest.lock\" > /dev/null\nif [ $? != 0 ] ; then\n    # print error to STDERR\n    echo \"error: The sandbox is not in sync with the Podfile.lock. Run 'pod install' or update your CocoaPods installation.\" >&2\n    exit 1\nfi\n# This output is used by Xcode 'outputs' to avoid re-running this script phase.\necho \"SUCCESS\" > \"${SCRIPT_OUTPUT_FILE_0}\"\n";
			showEnvVarsInLog = 0;
		};
		068196E162092FBA90817772 /* [CP] Check Pods Manifest.lock */ = {
			isa = PBXShellScriptBuildPhase;
			buildActionMask = 2147483647;
			files = (
			);
			inputPaths = (
				"${PODS_PODFILE_DIR_PATH}/Podfile.lock",
				"${PODS_ROOT}/Manifest.lock",
			);
			name = "[CP] Check Pods Manifest.lock";
			outputPaths = (
				"$(DERIVED_FILE_DIR)/Pods-conceptUITests-checkManifestLockResult.txt",
			);
			runOnlyForDeploymentPostprocessing = 0;
			shellPath = /bin/sh;
			shellScript = "diff \"${PODS_PODFILE_DIR_PATH}/Podfile.lock\" \"${PODS_ROOT}/Manifest.lock\" > /dev/null\nif [ $? != 0 ] ; then\n    # print error to STDERR\n    echo \"error: The sandbox is not in sync with the Podfile.lock. Run 'pod install' or update your CocoaPods installation.\" >&2\n    exit 1\nfi\n# This output is used by Xcode 'outputs' to avoid re-running this script phase.\necho \"SUCCESS\" > \"${SCRIPT_OUTPUT_FILE_0}\"\n";
			showEnvVarsInLog = 0;
		};
		1B39854FA7D5B676BAC8A6AA /* [CP] Embed Pods Frameworks */ = {
			isa = PBXShellScriptBuildPhase;
			buildActionMask = 2147483647;
			files = (
			);
			inputPaths = (
				"${SRCROOT}/Pods/Target Support Files/Pods-concept/Pods-concept-frameworks.sh",
				"${BUILT_PRODUCTS_DIR}/Alamofire/Alamofire.framework",
				"${BUILT_PRODUCTS_DIR}/SwiftyJSON/SwiftyJSON.framework",
			);
			name = "[CP] Embed Pods Frameworks";
			outputPaths = (
				"${TARGET_BUILD_DIR}/${FRAMEWORKS_FOLDER_PATH}/Alamofire.framework",
				"${TARGET_BUILD_DIR}/${FRAMEWORKS_FOLDER_PATH}/SwiftyJSON.framework",
			);
			runOnlyForDeploymentPostprocessing = 0;
			shellPath = /bin/sh;
			shellScript = "\"${SRCROOT}/Pods/Target Support Files/Pods-concept/Pods-concept-frameworks.sh\"\n";
			showEnvVarsInLog = 0;
		};
		7189F756A94A92123C2BC43D /* [CP] Check Pods Manifest.lock */ = {
			isa = PBXShellScriptBuildPhase;
			buildActionMask = 2147483647;
			files = (
			);
			inputPaths = (
				"${PODS_PODFILE_DIR_PATH}/Podfile.lock",
				"${PODS_ROOT}/Manifest.lock",
			);
			name = "[CP] Check Pods Manifest.lock";
			outputPaths = (
				"$(DERIVED_FILE_DIR)/Pods-concept-checkManifestLockResult.txt",
			);
			runOnlyForDeploymentPostprocessing = 0;
			shellPath = /bin/sh;
			shellScript = "diff \"${PODS_PODFILE_DIR_PATH}/Podfile.lock\" \"${PODS_ROOT}/Manifest.lock\" > /dev/null\nif [ $? != 0 ] ; then\n    # print error to STDERR\n    echo \"error: The sandbox is not in sync with the Podfile.lock. Run 'pod install' or update your CocoaPods installation.\" >&2\n    exit 1\nfi\n# This output is used by Xcode 'outputs' to avoid re-running this script phase.\necho \"SUCCESS\" > \"${SCRIPT_OUTPUT_FILE_0}\"\n";
			showEnvVarsInLog = 0;
		};
/* End PBXShellScriptBuildPhase section */

/* Begin PBXSourcesBuildPhase section */
		3E0A9E3D210643B900BE2EC4 /* Sources */ = {
			isa = PBXSourcesBuildPhase;
			buildActionMask = 2147483647;
			files = (
				3E0A9F2A2106486800BE2EC4 /* BaseTableViewController.swift in Sources */,
				3E0A9F352106486800BE2EC4 /* CarManufactureUseCase.swift in Sources */,
				3E0A9F1D2106486800BE2EC4 /* PageInfo.swift in Sources */,
				3E0A9F232106486800BE2EC4 /* CarsManufactureViewController.swift in Sources */,
				3E0A9F382106486800BE2EC4 /* NetworkAdaptor.swift in Sources */,
				3E0A9F1F2106486800BE2EC4 /* CarModelCellViewModel.swift in Sources */,
				3E0A9F262106486800BE2EC4 /* CarsManufactureTableViewCell.swift in Sources */,
				3E0A9F3E2106486800BE2EC4 /* CarModelRespository.swift in Sources */,
				3E0A9F3B2106486800BE2EC4 /* AppConfiguration+PageSize.swift in Sources */,
				3E0A9F182106486800BE2EC4 /* AppDelegate+Setup.swift in Sources */,
				3E0A9F342106486800BE2EC4 /* NetworkService.swift in Sources */,
				3E0A9F2D2106486800BE2EC4 /* AppCoordinator.swift in Sources */,
				3E0A9F292106486800BE2EC4 /* ViewModelAdapters.swift in Sources */,
				3E0A9F4B210648B300BE2EC4 /* AppComponents.swift in Sources */,
				3E0A9F402106486800BE2EC4 /* PageRepository.swift in Sources */,
				3E0A9F422106486800BE2EC4 /* String+Extensions.swift in Sources */,
				3E0A9F392106486800BE2EC4 /* CarModelUseCase.swift in Sources */,
				3E0A9E45210643B900BE2EC4 /* AppDelegate.swift in Sources */,
				3E0A9F322106486800BE2EC4 /* NetworkDataResponse.swift in Sources */,
				3E0A9F3D2106486800BE2EC4 /* AppConfiguration+ApiInfo.swift in Sources */,
				3E0A9F432106486800BE2EC4 /* UIViewController+Alerts.swift in Sources */,
				3E0A9F302106486800BE2EC4 /* Theme.swift in Sources */,
				3E0A9F252106486800BE2EC4 /* CarsManufactureCellViewModel.swift in Sources */,
				3E0A9F362106486800BE2EC4 /* PageUseCase.swift in Sources */,
				3E0A9F1C2106486800BE2EC4 /* CarManufacture.swift in Sources */,
				3E0A9F412106486800BE2EC4 /* UIView+Extensions.swift in Sources */,
				3E0A9F1B2106486800BE2EC4 /* ApiInfo.swift in Sources */,
				3E0A9F3F2106486800BE2EC4 /* CarManufactureRepository.swift in Sources */,
				3E0A9F2C2106486800BE2EC4 /* TableViewDataSourceViewModel.swift in Sources */,
				3E0A9F4A210648B300BE2EC4 /* CarManufactureComponents.swift in Sources */,
				3E0A9F4D210648B300BE2EC4 /* CarsModelComponents.swift in Sources */,
				3E0A9F3A2106486800BE2EC4 /* AppConfiguration.swift in Sources */,
				3E0A9F2B2106486800BE2EC4 /* ViewAdapters.swift in Sources */,
				3E0A9F332106486800BE2EC4 /* NetworkErrorBuilder.swift in Sources */,
				3E0A9F272106486800BE2EC4 /* CarsManufactureViewModel.swift in Sources */,
				3E0A9F4C210648B300BE2EC4 /* ComponentFactory.swift in Sources */,
				3E0A9F192106486800BE2EC4 /* CarModel.swift in Sources */,
				3E0A9F1A2106486800BE2EC4 /* DictionaryModel.swift in Sources */,
				3E0A9F312106486800BE2EC4 /* NetworkRequestBuilder.swift in Sources */,
				3E0A9F222106486800BE2EC4 /* CarsModelViewModel.swift in Sources */,
				3E0A9F202106486800BE2EC4 /* CarsModelTableViewCell.swift in Sources */,
				3E0A9F372106486800BE2EC4 /* Resetable.swift in Sources */,
				3E0A9F2E2106486800BE2EC4 /* Coorinator.swift in Sources */,
				3E0A9F212106486800BE2EC4 /* CarsModelViewController.swift in Sources */,
				3E0A9F2F2106486800BE2EC4 /* CellViewModel.swift in Sources */,
				3E0A9F242106486800BE2EC4 /* CarManufactureRouter.swift in Sources */,
			);
			runOnlyForDeploymentPostprocessing = 0;
		};
		3E0A9E51210643BB00BE2EC4 /* Sources */ = {
			isa = PBXSourcesBuildPhase;
			buildActionMask = 2147483647;
			files = (
				3E0A9E5A210643BB00BE2EC4 /* conceptTests.swift in Sources */,
			);
			runOnlyForDeploymentPostprocessing = 0;
		};
		3E0A9E5C210643BB00BE2EC4 /* Sources */ = {
			isa = PBXSourcesBuildPhase;
			buildActionMask = 2147483647;
			files = (
				3E0A9E65210643BB00BE2EC4 /* conceptUITests.swift in Sources */,
			);
			runOnlyForDeploymentPostprocessing = 0;
		};
/* End PBXSourcesBuildPhase section */

/* Begin PBXTargetDependency section */
		3E0A9E57210643BB00BE2EC4 /* PBXTargetDependency */ = {
			isa = PBXTargetDependency;
			target = 3E0A9E40210643B900BE2EC4 /* concept */;
			targetProxy = 3E0A9E56210643BB00BE2EC4 /* PBXContainerItemProxy */;
		};
		3E0A9E62210643BB00BE2EC4 /* PBXTargetDependency */ = {
			isa = PBXTargetDependency;
			target = 3E0A9E40210643B900BE2EC4 /* concept */;
			targetProxy = 3E0A9E61210643BB00BE2EC4 /* PBXContainerItemProxy */;
		};
/* End PBXTargetDependency section */

/* Begin PBXVariantGroup section */
		3E0A9E48210643B900BE2EC4 /* Main.storyboard */ = {
			isa = PBXVariantGroup;
			children = (
				3E0A9E49210643B900BE2EC4 /* Base */,
			);
			name = Main.storyboard;
			sourceTree = "<group>";
		};
		3E0A9E4D210643BB00BE2EC4 /* LaunchScreen.storyboard */ = {
			isa = PBXVariantGroup;
			children = (
				3E0A9E4E210643BB00BE2EC4 /* Base */,
			);
			name = LaunchScreen.storyboard;
			sourceTree = "<group>";
		};
		3E0A9F162106486800BE2EC4 /* Localizable.strings */ = {
			isa = PBXVariantGroup;
			children = (
				3E0A9F172106486800BE2EC4 /* en */,
			);
			name = Localizable.strings;
			sourceTree = "<group>";
		};
/* End PBXVariantGroup section */

/* Begin XCBuildConfiguration section */
		3E0A9E67210643BB00BE2EC4 /* Debug */ = {
			isa = XCBuildConfiguration;
			buildSettings = {
				ALWAYS_SEARCH_USER_PATHS = NO;
				CLANG_ANALYZER_NONNULL = YES;
				CLANG_ANALYZER_NUMBER_OBJECT_CONVERSION = YES_AGGRESSIVE;
				CLANG_CXX_LANGUAGE_STANDARD = "gnu++14";
				CLANG_CXX_LIBRARY = "libc++";
				CLANG_ENABLE_MODULES = YES;
				CLANG_ENABLE_OBJC_ARC = YES;
				CLANG_ENABLE_OBJC_WEAK = YES;
				CLANG_WARN_BLOCK_CAPTURE_AUTORELEASING = YES;
				CLANG_WARN_BOOL_CONVERSION = YES;
				CLANG_WARN_COMMA = YES;
				CLANG_WARN_CONSTANT_CONVERSION = YES;
				CLANG_WARN_DEPRECATED_OBJC_IMPLEMENTATIONS = YES;
				CLANG_WARN_DIRECT_OBJC_ISA_USAGE = YES_ERROR;
				CLANG_WARN_DOCUMENTATION_COMMENTS = YES;
				CLANG_WARN_EMPTY_BODY = YES;
				CLANG_WARN_ENUM_CONVERSION = YES;
				CLANG_WARN_INFINITE_RECURSION = YES;
				CLANG_WARN_INT_CONVERSION = YES;
				CLANG_WARN_NON_LITERAL_NULL_CONVERSION = YES;
				CLANG_WARN_OBJC_IMPLICIT_RETAIN_SELF = YES;
				CLANG_WARN_OBJC_LITERAL_CONVERSION = YES;
				CLANG_WARN_OBJC_ROOT_CLASS = YES_ERROR;
				CLANG_WARN_RANGE_LOOP_ANALYSIS = YES;
				CLANG_WARN_STRICT_PROTOTYPES = YES;
				CLANG_WARN_SUSPICIOUS_MOVE = YES;
				CLANG_WARN_UNGUARDED_AVAILABILITY = YES_AGGRESSIVE;
				CLANG_WARN_UNREACHABLE_CODE = YES;
				CLANG_WARN__DUPLICATE_METHOD_MATCH = YES;
				CODE_SIGN_IDENTITY = "iPhone Developer";
				COPY_PHASE_STRIP = NO;
				DEBUG_INFORMATION_FORMAT = dwarf;
				ENABLE_STRICT_OBJC_MSGSEND = YES;
				ENABLE_TESTABILITY = YES;
				GCC_C_LANGUAGE_STANDARD = gnu11;
				GCC_DYNAMIC_NO_PIC = NO;
				GCC_NO_COMMON_BLOCKS = YES;
				GCC_OPTIMIZATION_LEVEL = 0;
				GCC_PREPROCESSOR_DEFINITIONS = (
					"DEBUG=1",
					"$(inherited)",
				);
				GCC_WARN_64_TO_32_BIT_CONVERSION = YES;
				GCC_WARN_ABOUT_RETURN_TYPE = YES_ERROR;
				GCC_WARN_UNDECLARED_SELECTOR = YES;
				GCC_WARN_UNINITIALIZED_AUTOS = YES_AGGRESSIVE;
				GCC_WARN_UNUSED_FUNCTION = YES;
				GCC_WARN_UNUSED_VARIABLE = YES;
				IPHONEOS_DEPLOYMENT_TARGET = 11.4;
				MTL_ENABLE_DEBUG_INFO = YES;
				ONLY_ACTIVE_ARCH = YES;
				SDKROOT = iphoneos;
				SWIFT_ACTIVE_COMPILATION_CONDITIONS = DEBUG;
				SWIFT_OPTIMIZATION_LEVEL = "-Onone";
			};
			name = Debug;
		};
		3E0A9E68210643BB00BE2EC4 /* Release */ = {
			isa = XCBuildConfiguration;
			buildSettings = {
				ALWAYS_SEARCH_USER_PATHS = NO;
				CLANG_ANALYZER_NONNULL = YES;
				CLANG_ANALYZER_NUMBER_OBJECT_CONVERSION = YES_AGGRESSIVE;
				CLANG_CXX_LANGUAGE_STANDARD = "gnu++14";
				CLANG_CXX_LIBRARY = "libc++";
				CLANG_ENABLE_MODULES = YES;
				CLANG_ENABLE_OBJC_ARC = YES;
				CLANG_ENABLE_OBJC_WEAK = YES;
				CLANG_WARN_BLOCK_CAPTURE_AUTORELEASING = YES;
				CLANG_WARN_BOOL_CONVERSION = YES;
				CLANG_WARN_COMMA = YES;
				CLANG_WARN_CONSTANT_CONVERSION = YES;
				CLANG_WARN_DEPRECATED_OBJC_IMPLEMENTATIONS = YES;
				CLANG_WARN_DIRECT_OBJC_ISA_USAGE = YES_ERROR;
				CLANG_WARN_DOCUMENTATION_COMMENTS = YES;
				CLANG_WARN_EMPTY_BODY = YES;
				CLANG_WARN_ENUM_CONVERSION = YES;
				CLANG_WARN_INFINITE_RECURSION = YES;
				CLANG_WARN_INT_CONVERSION = YES;
				CLANG_WARN_NON_LITERAL_NULL_CONVERSION = YES;
				CLANG_WARN_OBJC_IMPLICIT_RETAIN_SELF = YES;
				CLANG_WARN_OBJC_LITERAL_CONVERSION = YES;
				CLANG_WARN_OBJC_ROOT_CLASS = YES_ERROR;
				CLANG_WARN_RANGE_LOOP_ANALYSIS = YES;
				CLANG_WARN_STRICT_PROTOTYPES = YES;
				CLANG_WARN_SUSPICIOUS_MOVE = YES;
				CLANG_WARN_UNGUARDED_AVAILABILITY = YES_AGGRESSIVE;
				CLANG_WARN_UNREACHABLE_CODE = YES;
				CLANG_WARN__DUPLICATE_METHOD_MATCH = YES;
				CODE_SIGN_IDENTITY = "iPhone Developer";
				COPY_PHASE_STRIP = NO;
				DEBUG_INFORMATION_FORMAT = "dwarf-with-dsym";
				ENABLE_NS_ASSERTIONS = NO;
				ENABLE_STRICT_OBJC_MSGSEND = YES;
				GCC_C_LANGUAGE_STANDARD = gnu11;
				GCC_NO_COMMON_BLOCKS = YES;
				GCC_WARN_64_TO_32_BIT_CONVERSION = YES;
				GCC_WARN_ABOUT_RETURN_TYPE = YES_ERROR;
				GCC_WARN_UNDECLARED_SELECTOR = YES;
				GCC_WARN_UNINITIALIZED_AUTOS = YES_AGGRESSIVE;
				GCC_WARN_UNUSED_FUNCTION = YES;
				GCC_WARN_UNUSED_VARIABLE = YES;
				IPHONEOS_DEPLOYMENT_TARGET = 11.4;
				MTL_ENABLE_DEBUG_INFO = NO;
				SDKROOT = iphoneos;
				SWIFT_COMPILATION_MODE = wholemodule;
				SWIFT_OPTIMIZATION_LEVEL = "-O";
				VALIDATE_PRODUCT = YES;
			};
			name = Release;
		};
		3E0A9E6A210643BB00BE2EC4 /* Debug */ = {
			isa = XCBuildConfiguration;
			baseConfigurationReference = E2C342F27B1F6E9517884571 /* Pods-concept.debug.xcconfig */;
			buildSettings = {
				ASSETCATALOG_COMPILER_APPICON_NAME = AppIcon;
				CODE_SIGN_STYLE = Automatic;
				INFOPLIST_FILE = concept/Info.plist;
				LD_RUNPATH_SEARCH_PATHS = (
					"$(inherited)",
					"@executable_path/Frameworks",
				);
				PRODUCT_BUNDLE_IDENTIFIER = com.test.concept;
				PRODUCT_NAME = "$(TARGET_NAME)";
				SWIFT_VERSION = 4.0;
				TARGETED_DEVICE_FAMILY = "1,2";
			};
			name = Debug;
		};
		3E0A9E6B210643BB00BE2EC4 /* Release */ = {
			isa = XCBuildConfiguration;
			baseConfigurationReference = 22409AD6F4D175FE45133051 /* Pods-concept.release.xcconfig */;
			buildSettings = {
				ASSETCATALOG_COMPILER_APPICON_NAME = AppIcon;
				CODE_SIGN_STYLE = Automatic;
				INFOPLIST_FILE = concept/Info.plist;
				LD_RUNPATH_SEARCH_PATHS = (
					"$(inherited)",
					"@executable_path/Frameworks",
				);
				PRODUCT_BUNDLE_IDENTIFIER = com.test.concept;
				PRODUCT_NAME = "$(TARGET_NAME)";
				SWIFT_VERSION = 4.0;
				TARGETED_DEVICE_FAMILY = "1,2";
			};
			name = Release;
		};
		3E0A9E6D210643BB00BE2EC4 /* Debug */ = {
			isa = XCBuildConfiguration;
			baseConfigurationReference = 794C13E1AF40D3EB418EC1C6 /* Pods-conceptTests.debug.xcconfig */;
			buildSettings = {
				ALWAYS_EMBED_SWIFT_STANDARD_LIBRARIES = YES;
				BUNDLE_LOADER = "$(TEST_HOST)";
				CODE_SIGN_STYLE = Automatic;
				INFOPLIST_FILE = conceptTests/Info.plist;
				LD_RUNPATH_SEARCH_PATHS = (
					"$(inherited)",
					"@executable_path/Frameworks",
					"@loader_path/Frameworks",
				);
				PRODUCT_BUNDLE_IDENTIFIER = com.test.conceptTests;
				PRODUCT_NAME = "$(TARGET_NAME)";
				SWIFT_VERSION = 4.0;
				TARGETED_DEVICE_FAMILY = "1,2";
				TEST_HOST = "$(BUILT_PRODUCTS_DIR)/concept.app/concept";
			};
			name = Debug;
		};
		3E0A9E6E210643BB00BE2EC4 /* Release */ = {
			isa = XCBuildConfiguration;
			baseConfigurationReference = B74249F5F238FDC8F8B14425 /* Pods-conceptTests.release.xcconfig */;
			buildSettings = {
				ALWAYS_EMBED_SWIFT_STANDARD_LIBRARIES = YES;
				BUNDLE_LOADER = "$(TEST_HOST)";
				CODE_SIGN_STYLE = Automatic;
				INFOPLIST_FILE = conceptTests/Info.plist;
				LD_RUNPATH_SEARCH_PATHS = (
					"$(inherited)",
					"@executable_path/Frameworks",
					"@loader_path/Frameworks",
				);
				PRODUCT_BUNDLE_IDENTIFIER = com.test.conceptTests;
				PRODUCT_NAME = "$(TARGET_NAME)";
				SWIFT_VERSION = 4.0;
				TARGETED_DEVICE_FAMILY = "1,2";
				TEST_HOST = "$(BUILT_PRODUCTS_DIR)/concept.app/concept";
			};
			name = Release;
		};
		3E0A9E70210643BB00BE2EC4 /* Debug */ = {
			isa = XCBuildConfiguration;
			baseConfigurationReference = 8303E2C3A822E730A470912A /* Pods-conceptUITests.debug.xcconfig */;
			buildSettings = {
				ALWAYS_EMBED_SWIFT_STANDARD_LIBRARIES = YES;
				CODE_SIGN_STYLE = Automatic;
				INFOPLIST_FILE = conceptUITests/Info.plist;
				LD_RUNPATH_SEARCH_PATHS = (
					"$(inherited)",
					"@executable_path/Frameworks",
					"@loader_path/Frameworks",
				);
				PRODUCT_BUNDLE_IDENTIFIER = com.test.conceptUITests;
				PRODUCT_NAME = "$(TARGET_NAME)";
				SWIFT_VERSION = 4.0;
				TARGETED_DEVICE_FAMILY = "1,2";
				TEST_TARGET_NAME = concept;
			};
			name = Debug;
		};
		3E0A9E71210643BB00BE2EC4 /* Release */ = {
			isa = XCBuildConfiguration;
			baseConfigurationReference = 87620F5F79BDB2B60EC38CE9 /* Pods-conceptUITests.release.xcconfig */;
			buildSettings = {
				ALWAYS_EMBED_SWIFT_STANDARD_LIBRARIES = YES;
				CODE_SIGN_STYLE = Automatic;
				INFOPLIST_FILE = conceptUITests/Info.plist;
				LD_RUNPATH_SEARCH_PATHS = (
					"$(inherited)",
					"@executable_path/Frameworks",
					"@loader_path/Frameworks",
				);
				PRODUCT_BUNDLE_IDENTIFIER = com.test.conceptUITests;
				PRODUCT_NAME = "$(TARGET_NAME)";
				SWIFT_VERSION = 4.0;
				TARGETED_DEVICE_FAMILY = "1,2";
				TEST_TARGET_NAME = concept;
			};
			name = Release;
		};
/* End XCBuildConfiguration section */

/* Begin XCConfigurationList section */
		3E0A9E3C210643B900BE2EC4 /* Build configuration list for PBXProject "concept" */ = {
			isa = XCConfigurationList;
			buildConfigurations = (
				3E0A9E67210643BB00BE2EC4 /* Debug */,
				3E0A9E68210643BB00BE2EC4 /* Release */,
			);
			defaultConfigurationIsVisible = 0;
			defaultConfigurationName = Release;
		};
		3E0A9E69210643BB00BE2EC4 /* Build configuration list for PBXNativeTarget "concept" */ = {
			isa = XCConfigurationList;
			buildConfigurations = (
				3E0A9E6A210643BB00BE2EC4 /* Debug */,
				3E0A9E6B210643BB00BE2EC4 /* Release */,
			);
			defaultConfigurationIsVisible = 0;
			defaultConfigurationName = Release;
		};
		3E0A9E6C210643BB00BE2EC4 /* Build configuration list for PBXNativeTarget "conceptTests" */ = {
			isa = XCConfigurationList;
			buildConfigurations = (
				3E0A9E6D210643BB00BE2EC4 /* Debug */,
				3E0A9E6E210643BB00BE2EC4 /* Release */,
			);
			defaultConfigurationIsVisible = 0;
			defaultConfigurationName = Release;
		};
		3E0A9E6F210643BB00BE2EC4 /* Build configuration list for PBXNativeTarget "conceptUITests" */ = {
			isa = XCConfigurationList;
			buildConfigurations = (
				3E0A9E70210643BB00BE2EC4 /* Debug */,
				3E0A9E71210643BB00BE2EC4 /* Release */,
			);
			defaultConfigurationIsVisible = 0;
			defaultConfigurationName = Release;
		};
/* End XCConfigurationList section */
	};
	rootObject = 3E0A9E39210643B900BE2EC4 /* Project object */;
}
